
Microsoft Visual Studio Solution File, Format Version 12.00
# Visual Studio Version 17
VisualStudioVersion = 17.11.34929.205
MinimumVisualStudioVersion = 10.0.40219.1
Project("{9A19103F-16F7-4668-BE54-9A1E7A4F7556}") = "1_CreateWindow", "1_CreateWindow\1_CreateWindow.csproj", "{FE256306-2C84-4026-BF68-93C83BA31753}"
EndProject
Project("{9A19103F-16F7-4668-BE54-9A1E7A4F7556}") = "Comman", "Comman\Comman.csproj", "{61D9994E-1236-4A0D-9761-A5E5FFFACA19}"
EndProject
Project("{2150E333-8FDC-42A3-9474-1A3956D46DE8}") = "Libs", "Libs", "{11628A3B-EA07-4423-9DBF-E5C3DE0C515F}"
EndProject
Project("{9A19103F-16F7-4668-BE54-9A1E7A4F7556}") = "2_Instance", "2-Instance\2_Instance.csproj", "{808C9C28-3305-4503-9C1F-F806C4DDA50D}"
EndProject
Project("{9A19103F-16F7-4668-BE54-9A1E7A4F7556}") = "3_Adapter", "3_AdapterAndDevice\3_Adapter.csproj", "{5F18E011-7908-48F8-A552-9AD2291F5099}"
EndProject
Project("{9A19103F-16F7-4668-BE54-9A1E7A4F7556}") = "4_Device", "4_Device\4_Device.csproj", "{4ECD647A-5B20-4AFC-8BD7-4215487C2C74}"
EndProject
Project("{9A19103F-16F7-4668-BE54-9A1E7A4F7556}") = "5_CommandQueue", "5_CommandQueue\5_CommandQueue.csproj", "{65C0634B-2447-47F2-A425-660777F7C0B2}"
EndProject
Project("{9A19103F-16F7-4668-BE54-9A1E7A4F7556}") = "6_FirstColor", "6_FirstColor\6_FirstColor.csproj", "{7941E6BA-B8A9-4286-BA39-A299981B6427}"
EndProject
Project("{2150E333-8FDC-42A3-9474-1A3956D46DE8}") = "7_3DRendering", "7_3DRendering", "{9D332FEE-378C-4562-A742-253C86550360}"
EndProject
Project("{9A19103F-16F7-4668-BE54-9A1E7A4F7556}") = "1_HelloTriangle", "1_HelloTriangle\1_HelloTriangle.csproj", "{FB9C4F8C-2735-4741-AC9B-7CFAF96EFA4F}"
EndProject
Project("{9A19103F-16F7-4668-BE54-9A1E7A4F7556}") = "2_InputGeometry_PlayingWithBuffer", "2_InputGeometry\2_InputGeometry_PlayingWithBuffer.csproj", "{ECA479F3-C454-407B-8415-31A92616676A}"
EndProject
Project("{9A19103F-16F7-4668-BE54-9A1E7A4F7556}") = "3_InputGeometry_VertexAttribute", "3_InputGeometry_VertexAttribute\3_InputGeometry_VertexAttribute.csproj", "{F3D527E2-F70D-4E68-89E5-991EBB07312A}"
EndProject
Project("{9A19103F-16F7-4668-BE54-9A1E7A4F7556}") = "4_InputGeometry_IndexBuffer", "4_InputGeometry_IndexBuffer\4_InputGeometry_IndexBuffer.csproj", "{AA2DD117-F78E-4B65-8A03-67B2B54C6923}"
EndProject
Project("{2150E333-8FDC-42A3-9474-1A3956D46DE8}") = "8_ShaderUniforms", "8_ShaderUniforms", "{9EAE7CE9-FD2D-4AC6-BC01-DDC33AABC95F}"
EndProject
Project("{9A19103F-16F7-4668-BE54-9A1E7A4F7556}") = "1_FirstUniform", "1_FirstUniform\1_FirstUniform.csproj", "{15FBE04D-9073-49B0-A61B-2B3BF0371E70}"
EndProject
Project("{9A19103F-16F7-4668-BE54-9A1E7A4F7556}") = "2_MoreUniform", "2_MoreUniform\2_MoreUniform.csproj", "{60D1436E-F181-429B-B2B5-6A61EF3FAA86}"
EndProject
Project("{9A19103F-16F7-4668-BE54-9A1E7A4F7556}") = "3_DynamicUniform", "3_DynamicUniform\3_DynamicUniform.csproj", "{C1F12569-627C-4C63-B5E2-B576D1E24463}"
EndProject
Project("{2150E333-8FDC-42A3-9474-1A3956D46DE8}") = "9_3DMesh", "9_3DMesh", "{4C7C3F49-BE81-43E6-87F7-565636592172}"
EndProject
Project("{9A19103F-16F7-4668-BE54-9A1E7A4F7556}") = "1_Transformation", "1_Transformation\1_Transformation.csproj", "{930D3D65-9DE4-4BED-A742-39F961E53A0A}"
EndProject
Project("{9A19103F-16F7-4668-BE54-9A1E7A4F7556}") = "2_DepthBuffer", "2_DepthBuffer\2_DepthBuffer.csproj", "{5D21E358-9B9E-4A08-B678-365D81187ABB}"
EndProject
Project("{FAE04EC0-301F-11D3-BF4B-00C04F79EFBC}") = "3_BasicShading", "3_BasicShading\3_BasicShading.csproj", "{875BDCF7-67D6-4939-AA3D-E76BF1C8ED7A}"
EndProject
Project("{2150E333-8FDC-42A3-9474-1A3956D46DE8}") = "10_Texture", "10_Texture", "{B9A993A4-9ED0-4893-95C1-B2C10AEA4DEF}"
EndProject
Project("{FAE04EC0-301F-11D3-BF4B-00C04F79EFBC}") = "1_FirstTexture", "1_FirstTexture\1_FirstTexture.csproj", "{95CCEA24-5194-4573-A2BC-2071644EB503}"
EndProject
Global
	GlobalSection(SolutionConfigurationPlatforms) = preSolution
		Debug|Any CPU = Debug|Any CPU
		Release|Any CPU = Release|Any CPU
	EndGlobalSection
	GlobalSection(ProjectConfigurationPlatforms) = postSolution
		{FE256306-2C84-4026-BF68-93C83BA31753}.Debug|Any CPU.ActiveCfg = Debug|Any CPU
		{FE256306-2C84-4026-BF68-93C83BA31753}.Debug|Any CPU.Build.0 = Debug|Any CPU
		{FE256306-2C84-4026-BF68-93C83BA31753}.Release|Any CPU.ActiveCfg = Release|Any CPU
		{FE256306-2C84-4026-BF68-93C83BA31753}.Release|Any CPU.Build.0 = Release|Any CPU
		{61D9994E-1236-4A0D-9761-A5E5FFFACA19}.Debug|Any CPU.ActiveCfg = Debug|Any CPU
		{61D9994E-1236-4A0D-9761-A5E5FFFACA19}.Debug|Any CPU.Build.0 = Debug|Any CPU
		{61D9994E-1236-4A0D-9761-A5E5FFFACA19}.Release|Any CPU.ActiveCfg = Release|Any CPU
		{61D9994E-1236-4A0D-9761-A5E5FFFACA19}.Release|Any CPU.Build.0 = Release|Any CPU
		{808C9C28-3305-4503-9C1F-F806C4DDA50D}.Debug|Any CPU.ActiveCfg = Debug|Any CPU
		{808C9C28-3305-4503-9C1F-F806C4DDA50D}.Debug|Any CPU.Build.0 = Debug|Any CPU
		{808C9C28-3305-4503-9C1F-F806C4DDA50D}.Release|Any CPU.ActiveCfg = Release|Any CPU
		{808C9C28-3305-4503-9C1F-F806C4DDA50D}.Release|Any CPU.Build.0 = Release|Any CPU
		{5F18E011-7908-48F8-A552-9AD2291F5099}.Debug|Any CPU.ActiveCfg = Debug|Any CPU
		{5F18E011-7908-48F8-A552-9AD2291F5099}.Debug|Any CPU.Build.0 = Debug|Any CPU
		{5F18E011-7908-48F8-A552-9AD2291F5099}.Release|Any CPU.ActiveCfg = Release|Any CPU
		{5F18E011-7908-48F8-A552-9AD2291F5099}.Release|Any CPU.Build.0 = Release|Any CPU
		{4ECD647A-5B20-4AFC-8BD7-4215487C2C74}.Debug|Any CPU.ActiveCfg = Debug|Any CPU
		{4ECD647A-5B20-4AFC-8BD7-4215487C2C74}.Debug|Any CPU.Build.0 = Debug|Any CPU
		{4ECD647A-5B20-4AFC-8BD7-4215487C2C74}.Release|Any CPU.ActiveCfg = Release|Any CPU
		{4ECD647A-5B20-4AFC-8BD7-4215487C2C74}.Release|Any CPU.Build.0 = Release|Any CPU
		{65C0634B-2447-47F2-A425-660777F7C0B2}.Debug|Any CPU.ActiveCfg = Debug|Any CPU
		{65C0634B-2447-47F2-A425-660777F7C0B2}.Debug|Any CPU.Build.0 = Debug|Any CPU
		{65C0634B-2447-47F2-A425-660777F7C0B2}.Release|Any CPU.ActiveCfg = Release|Any CPU
		{65C0634B-2447-47F2-A425-660777F7C0B2}.Release|Any CPU.Build.0 = Release|Any CPU
		{7941E6BA-B8A9-4286-BA39-A299981B6427}.Debug|Any CPU.ActiveCfg = Debug|Any CPU
		{7941E6BA-B8A9-4286-BA39-A299981B6427}.Debug|Any CPU.Build.0 = Debug|Any CPU
		{7941E6BA-B8A9-4286-BA39-A299981B6427}.Release|Any CPU.ActiveCfg = Release|Any CPU
		{7941E6BA-B8A9-4286-BA39-A299981B6427}.Release|Any CPU.Build.0 = Release|Any CPU
		{FB9C4F8C-2735-4741-AC9B-7CFAF96EFA4F}.Debug|Any CPU.ActiveCfg = Debug|Any CPU
		{FB9C4F8C-2735-4741-AC9B-7CFAF96EFA4F}.Debug|Any CPU.Build.0 = Debug|Any CPU
		{FB9C4F8C-2735-4741-AC9B-7CFAF96EFA4F}.Release|Any CPU.ActiveCfg = Release|Any CPU
		{FB9C4F8C-2735-4741-AC9B-7CFAF96EFA4F}.Release|Any CPU.Build.0 = Release|Any CPU
		{ECA479F3-C454-407B-8415-31A92616676A}.Debug|Any CPU.ActiveCfg = Debug|Any CPU
		{ECA479F3-C454-407B-8415-31A92616676A}.Debug|Any CPU.Build.0 = Debug|Any CPU
		{ECA479F3-C454-407B-8415-31A92616676A}.Release|Any CPU.ActiveCfg = Release|Any CPU
		{ECA479F3-C454-407B-8415-31A92616676A}.Release|Any CPU.Build.0 = Release|Any CPU
		{F3D527E2-F70D-4E68-89E5-991EBB07312A}.Debug|Any CPU.ActiveCfg = Debug|Any CPU
		{F3D527E2-F70D-4E68-89E5-991EBB07312A}.Debug|Any CPU.Build.0 = Debug|Any CPU
		{F3D527E2-F70D-4E68-89E5-991EBB07312A}.Release|Any CPU.ActiveCfg = Release|Any CPU
		{F3D527E2-F70D-4E68-89E5-991EBB07312A}.Release|Any CPU.Build.0 = Release|Any CPU
		{AA2DD117-F78E-4B65-8A03-67B2B54C6923}.Debug|Any CPU.ActiveCfg = Debug|Any CPU
		{AA2DD117-F78E-4B65-8A03-67B2B54C6923}.Debug|Any CPU.Build.0 = Debug|Any CPU
		{AA2DD117-F78E-4B65-8A03-67B2B54C6923}.Release|Any CPU.ActiveCfg = Release|Any CPU
		{AA2DD117-F78E-4B65-8A03-67B2B54C6923}.Release|Any CPU.Build.0 = Release|Any CPU
		{15FBE04D-9073-49B0-A61B-2B3BF0371E70}.Debug|Any CPU.ActiveCfg = Debug|Any CPU
		{15FBE04D-9073-49B0-A61B-2B3BF0371E70}.Debug|Any CPU.Build.0 = Debug|Any CPU
		{15FBE04D-9073-49B0-A61B-2B3BF0371E70}.Release|Any CPU.ActiveCfg = Release|Any CPU
		{15FBE04D-9073-49B0-A61B-2B3BF0371E70}.Release|Any CPU.Build.0 = Release|Any CPU
		{60D1436E-F181-429B-B2B5-6A61EF3FAA86}.Debug|Any CPU.ActiveCfg = Debug|Any CPU
		{60D1436E-F181-429B-B2B5-6A61EF3FAA86}.Debug|Any CPU.Build.0 = Debug|Any CPU
		{60D1436E-F181-429B-B2B5-6A61EF3FAA86}.Release|Any CPU.ActiveCfg = Release|Any CPU
		{60D1436E-F181-429B-B2B5-6A61EF3FAA86}.Release|Any CPU.Build.0 = Release|Any CPU
		{C1F12569-627C-4C63-B5E2-B576D1E24463}.Debug|Any CPU.ActiveCfg = Debug|Any CPU
		{C1F12569-627C-4C63-B5E2-B576D1E24463}.Debug|Any CPU.Build.0 = Debug|Any CPU
		{C1F12569-627C-4C63-B5E2-B576D1E24463}.Release|Any CPU.ActiveCfg = Release|Any CPU
		{C1F12569-627C-4C63-B5E2-B576D1E24463}.Release|Any CPU.Build.0 = Release|Any CPU
		{930D3D65-9DE4-4BED-A742-39F961E53A0A}.Debug|Any CPU.ActiveCfg = Debug|Any CPU
		{930D3D65-9DE4-4BED-A742-39F961E53A0A}.Debug|Any CPU.Build.0 = Debug|Any CPU
		{930D3D65-9DE4-4BED-A742-39F961E53A0A}.Release|Any CPU.ActiveCfg = Release|Any CPU
		{930D3D65-9DE4-4BED-A742-39F961E53A0A}.Release|Any CPU.Build.0 = Release|Any CPU
		{5D21E358-9B9E-4A08-B678-365D81187ABB}.Debug|Any CPU.ActiveCfg = Debug|Any CPU
		{5D21E358-9B9E-4A08-B678-365D81187ABB}.Debug|Any CPU.Build.0 = Debug|Any CPU
		{5D21E358-9B9E-4A08-B678-365D81187ABB}.Release|Any CPU.ActiveCfg = Release|Any CPU
		{5D21E358-9B9E-4A08-B678-365D81187ABB}.Release|Any CPU.Build.0 = Release|Any CPU
		{875BDCF7-67D6-4939-AA3D-E76BF1C8ED7A}.Debug|Any CPU.ActiveCfg = Debug|Any CPU
		{875BDCF7-67D6-4939-AA3D-E76BF1C8ED7A}.Debug|Any CPU.Build.0 = Debug|Any CPU
		{875BDCF7-67D6-4939-AA3D-E76BF1C8ED7A}.Release|Any CPU.ActiveCfg = Release|Any CPU
		{875BDCF7-67D6-4939-AA3D-E76BF1C8ED7A}.Release|Any CPU.Build.0 = Release|Any CPU
		{95CCEA24-5194-4573-A2BC-2071644EB503}.Debug|Any CPU.ActiveCfg = Debug|Any CPU
		{95CCEA24-5194-4573-A2BC-2071644EB503}.Debug|Any CPU.Build.0 = Debug|Any CPU
		{95CCEA24-5194-4573-A2BC-2071644EB503}.Release|Any CPU.ActiveCfg = Release|Any CPU
		{95CCEA24-5194-4573-A2BC-2071644EB503}.Release|Any CPU.Build.0 = Release|Any CPU
	EndGlobalSection
	GlobalSection(SolutionProperties) = preSolution
		HideSolutionNode = FALSE
	EndGlobalSection
	GlobalSection(NestedProjects) = preSolution
		{61D9994E-1236-4A0D-9761-A5E5FFFACA19} = {11628A3B-EA07-4423-9DBF-E5C3DE0C515F}
		{FB9C4F8C-2735-4741-AC9B-7CFAF96EFA4F} = {9D332FEE-378C-4562-A742-253C86550360}
		{ECA479F3-C454-407B-8415-31A92616676A} = {9D332FEE-378C-4562-A742-253C86550360}
		{F3D527E2-F70D-4E68-89E5-991EBB07312A} = {9D332FEE-378C-4562-A742-253C86550360}
		{AA2DD117-F78E-4B65-8A03-67B2B54C6923} = {9D332FEE-378C-4562-A742-253C86550360}
		{15FBE04D-9073-49B0-A61B-2B3BF0371E70} = {9EAE7CE9-FD2D-4AC6-BC01-DDC33AABC95F}
		{60D1436E-F181-429B-B2B5-6A61EF3FAA86} = {9EAE7CE9-FD2D-4AC6-BC01-DDC33AABC95F}
		{C1F12569-627C-4C63-B5E2-B576D1E24463} = {9EAE7CE9-FD2D-4AC6-BC01-DDC33AABC95F}
		{930D3D65-9DE4-4BED-A742-39F961E53A0A} = {4C7C3F49-BE81-43E6-87F7-565636592172}
		{5D21E358-9B9E-4A08-B678-365D81187ABB} = {4C7C3F49-BE81-43E6-87F7-565636592172}
		{875BDCF7-67D6-4939-AA3D-E76BF1C8ED7A} = {4C7C3F49-BE81-43E6-87F7-565636592172}
		{95CCEA24-5194-4573-A2BC-2071644EB503} = {B9A993A4-9ED0-4893-95C1-B2C10AEA4DEF}
	EndGlobalSection
	GlobalSection(ExtensibilityGlobals) = postSolution
		SolutionGuid = {7B39DB26-ECC2-4229-9E86-2AE934FBE3F8}
	EndGlobalSection
EndGlobal
